{
  "requires": true,
  "lockfileVersion": 1,
  "dependencies": {
    "codyhouse-framework": {
      "version": "2.2.0",
      "resolved": "https://registry.npmjs.org/codyhouse-framework/-/codyhouse-framework-2.2.0.tgz",
      "integrity": "sha512-lO1IS6Thebcaoe4sErqi2rSe52uEvCO3aL5b9nXP2lM/n5K+50nAMeA5LHEmu9k5SOoumtTQBdYabor9uT0A+Q=="
    }
  }
}
